// !$*UTF8*$!
{
	archiveVersion = 1;
	classes = {
	};
	objectVersion = 77;
	objects = {

/* Begin PBXContainerItemProxy section */
		796A68F22CB52031001656A1 /* PBXContainerItemProxy */ = {
			isa = PBXContainerItemProxy;
			containerPortal = 796A68D32CB5202F001656A1 /* Project object */;
			proxyType = 1;
			remoteGlobalIDString = 796A68DA2CB5202F001656A1;
			remoteInfo = TabBarTestFor18;
		};
		796A68FC2CB52031001656A1 /* PBXContainerItemProxy */ = {
			isa = PBXContainerItemProxy;
			containerPortal = 796A68D32CB5202F001656A1 /* Project object */;
			proxyType = 1;
			remoteGlobalIDString = 796A68DA2CB5202F001656A1;
			remoteInfo = TabBarTestFor18;
		};
/* End PBXContainerItemProxy section */

/* Begin PBXFileReference section */
		796A68DB2CB5202F001656A1 /* TabBarTestFor18.app */ = {isa = PBXFileReference; explicitFileType = wrapper.application; includeInIndex = 0; path = TabBarTestFor18.app; sourceTree = BUILT_PRODUCTS_DIR; };
		796A68F12CB52031001656A1 /* TabBarTestFor18Tests.xctest */ = {isa = PBXFileReference; explicitFileType = wrapper.cfbundle; includeInIndex = 0; path = TabBarTestFor18Tests.xctest; sourceTree = BUILT_PRODUCTS_DIR; };
		796A68FB2CB52031001656A1 /* TabBarTestFor18UITests.xctest */ = {isa = PBXFileReference; explicitFileType = wrapper.cfbundle; includeInIndex = 0; path = TabBarTestFor18UITests.xctest; sourceTree = BUILT_PRODUCTS_DIR; };
/* End PBXFileReference section */

/* Begin PBXFileSystemSynchronizedBuildFileExceptionSet section */
		796A69032CB52031001656A1 /* Exceptions for "TabBarTestFor18" folder in "TabBarTestFor18" target */ = {
			isa = PBXFileSystemSynchronizedBuildFileExceptionSet;
			membershipExceptions = (
				Info.plist,
			);
			target = 796A68DA2CB5202F001656A1 /* TabBarTestFor18 */;
		};
/* End PBXFileSystemSynchronizedBuildFileExceptionSet section */

/* Begin PBXFileSystemSynchronizedRootGroup section */
		796A68DD2CB5202F001656A1 /* TabBarTestFor18 */ = {
			isa = PBXFileSystemSynchronizedRootGroup;
			exceptions = (
				796A69032CB52031001656A1 /* Exceptions for "TabBarTestFor18" folder in "TabBarTestFor18" target */,
			);
			path = TabBarTestFor18;
			sourceTree = "<group>";
		};
		796A68F42CB52031001656A1 /* TabBarTestFor18Tests */ = {
			isa = PBXFileSystemSynchronizedRootGroup;
			path = TabBarTestFor18Tests;
			sourceTree = "<group>";
		};
		796A68FE2CB52031001656A1 /* TabBarTestFor18UITests */ = {
			isa = PBXFileSystemSynchronizedRootGroup;
			path = TabBarTestFor18UITests;
			sourceTree = "<group>";
		};
/* End PBXFileSystemSynchronizedRootGroup section */

/* Begin PBXFrameworksBuildPhase section */
		796A68D82CB5202F001656A1 /* Frameworks */ = {
			isa = PBXFrameworksBuildPhase;
			buildActionMask = 2147483647;
			files = (
			);
			runOnlyForDeploymentPostprocessing = 0;
		};
		796A68EE2CB52031001656A1 /* Frameworks */ = {
			isa = PBXFrameworksBuildPhase;
			buildActionMask = 2147483647;
			files = (
			);
			runOnlyForDeploymentPostprocessing = 0;
		};
		796A68F82CB52031001656A1 /* Frameworks */ = {
			isa = PBXFrameworksBuildPhase;
			buildActionMask = 2147483647;
			files = (
			);
			runOnlyForDeploymentPostprocessing = 0;
		};
/* End PBXFrameworksBuildPhase section */

/* Begin PBXGroup section */
		796A68D22CB5202F001656A1 = {
			isa = PBXGroup;
			children = (
				796A68DD2CB5202F001656A1 /* TabBarTestFor18 */,
				796A68F42CB52031001656A1 /* TabBarTestFor18Tests */,
				796A68FE2CB52031001656A1 /* TabBarTestFor18UITests */,
				796A68DC2CB5202F001656A1 /* Products */,
			);
			sourceTree = "<group>";
		};
		796A68DC2CB5202F001656A1 /* Products */ = {
			isa = PBXGroup;
			children = (
				796A68DB2CB5202F001656A1 /* TabBarTestFor18.app */,
				796A68F12CB52031001656A1 /* TabBarTestFor18Tests.xctest */,
				796A68FB2CB52031001656A1 /* TabBarTestFor18UITests.xctest */,
			);
			name = Products;
			sourceTree = "<group>";
		};
/* End PBXGroup section */

/* Begin PBXNativeTarget section */
		796A68DA2CB5202F001656A1 /* TabBarTestFor18 */ = {
			isa = PBXNativeTarget;
			buildConfigurationList = 796A69042CB52031001656A1 /* Build configuration list for PBXNativeTarget "TabBarTestFor18" */;
			buildPhases = (
				796A68D72CB5202F001656A1 /* Sources */,
				796A68D82CB5202F001656A1 /* Frameworks */,
				796A68D92CB5202F001656A1 /* Resources */,
			);
			buildRules = (
			);
			dependencies = (
			);
			fileSystemSynchronizedGroups = (
				796A68DD2CB5202F001656A1 /* TabBarTestFor18 */,
			);
			name = TabBarTestFor18;
			packageProductDependencies = (
			);
			productName = TabBarTestFor18;
			productReference = 796A68DB2CB5202F001656A1 /* TabBarTestFor18.app */;
			productType = "com.apple.product-type.application";
		};
		796A68F02CB52031001656A1 /* TabBarTestFor18Tests */ = {
			isa = PBXNativeTarget;
			buildConfigurationList = 796A69092CB52031001656A1 /* Build configuration list for PBXNativeTarget "TabBarTestFor18Tests" */;
			buildPhases = (
				796A68ED2CB52031001656A1 /* Sources */,
				796A68EE2CB52031001656A1 /* Frameworks */,
				796A68EF2CB52031001656A1 /* Resources */,
			);
			buildRules = (
			);
			dependencies = (
				796A68F32CB52031001656A1 /* PBXTargetDependency */,
			);
			fileSystemSynchronizedGroups = (
				796A68F42CB52031001656A1 /* TabBarTestFor18Tests */,
			);
			name = TabBarTestFor18Tests;
			packageProductDependencies = (
			);
			productName = TabBarTestFor18Tests;
			productReference = 796A68F12CB52031001656A1 /* TabBarTestFor18Tests.xctest */;
			productType = "com.apple.product-type.bundle.unit-test";
		};
		796A68FA2CB52031001656A1 /* TabBarTestFor18UITests */ = {
			isa = PBXNativeTarget;
			buildConfigurationList = 796A690C2CB52031001656A1 /* Build configuration list for PBXNativeTarget "TabBarTestFor18UITests" */;
			buildPhases = (
				796A68F72CB52031001656A1 /* Sources */,
				796A68F82CB52031001656A1 /* Frameworks */,
				796A68F92CB52031001656A1 /* Resources */,
			);
			buildRules = (
			);
			dependencies = (
				796A68FD2CB52031001656A1 /* PBXTargetDependency */,
			);
			fileSystemSynchronizedGroups = (
				796A68FE2CB52031001656A1 /* TabBarTestFor18UITests */,
			);
			name = TabBarTestFor18UITests;
			packageProductDependencies = (
			);
			productName = TabBarTestFor18UITests;
			productReference = 796A68FB2CB52031001656A1 /* TabBarTestFor18UITests.xctest */;
			productType = "com.apple.product-type.bundle.ui-testing";
		};
/* End PBXNativeTarget section */

/* Begin PBXProject section */
		796A68D32CB5202F001656A1 /* Project object */ = {
			isa = PBXProject;
			attributes = {
				BuildIndependentTargetsInParallel = 1;
				LastSwiftUpdateCheck = 1600;
				LastUpgradeCheck = 1600;
				TargetAttributes = {
					796A68DA2CB5202F001656A1 = {
						CreatedOnToolsVersion = 16.0;
					};
					796A68F02CB52031001656A1 = {
						CreatedOnToolsVersion = 16.0;
						TestTargetID = 796A68DA2CB5202F001656A1;
					};
					796A68FA2CB52031001656A1 = {
						CreatedOnToolsVersion = 16.0;
						TestTargetID = 796A68DA2CB5202F001656A1;
					};
				};
			};
			buildConfigurationList = 796A68D62CB5202F001656A1 /* Build configuration list for PBXProject "TabBarTestFor18" */;
			developmentRegion = en;
			hasScannedForEncodings = 0;
			knownRegions = (
				en,
				Base,
			);
			mainGroup = 796A68D22CB5202F001656A1;
			minimizedProjectReferenceProxies = 1;
			preferredProjectObjectVersion = 77;
			productRefGroup = 796A68DC2CB5202F001656A1 /* Products */;
			projectDirPath = "";
			projectRoot = "";
			targets = (
				796A68DA2CB5202F001656A1 /* TabBarTestFor18 */,
				796A68F02CB52031001656A1 /* TabBarTestFor18Tests */,
				796A68FA2CB52031001656A1 /* TabBarTestFor18UITests */,
			);
		};
/* End PBXProject section */

/* Begin PBXResourcesBuildPhase section */
		796A68D92CB5202F001656A1 /* Resources */ = {
			isa = PBXResourcesBuildPhase;
			buildActionMask = 2147483647;
			files = (
			);
			runOnlyForDeploymentPostprocessing = 0;
		};
		796A68EF2CB52031001656A1 /* Resources */ = {
			isa = PBXResourcesBuildPhase;
			buildActionMask = 2147483647;
			files = (
			);
			runOnlyForDeploymentPostprocessing = 0;
		};
		796A68F92CB52031001656A1 /* Resources */ = {
			isa = PBXResourcesBuildPhase;
			buildActionMask = 2147483647;
			files = (
			);
			runOnlyForDeploymentPostprocessing = 0;
		};
/* End PBXResourcesBuildPhase section */

/* Begin PBXSourcesBuildPhase section */
		796A68D72CB5202F001656A1 /* Sources */ = {
			isa = PBXSourcesBuildPhase;
			buildActionMask = 2147483647;
			files = (
			);
			runOnlyForDeploymentPostprocessing = 0;
		};
		796A68ED2CB52031001656A1 /* Sources */ = {
			isa = PBXSourcesBuildPhase;
			buildActionMask = 2147483647;
			files = (
			);
			runOnlyForDeploymentPostprocessing = 0;
		};
		796A68F72CB52031001656A1 /* Sources */ = {
			isa = PBXSourcesBuildPhase;
			buildActionMask = 2147483647;
			files = (
			);
			runOnlyForDeploymentPostprocessing = 0;
		};
/* End PBXSourcesBuildPhase section */

/* Begin PBXTargetDependency section */
		796A68F32CB52031001656A1 /* PBXTargetDependency */ = {
			isa = PBXTargetDependency;
			target = 796A68DA2CB5202F001656A1 /* TabBarTestFor18 */;
			targetProxy = 796A68F22CB52031001656A1 /* PBXContainerItemProxy */;
		};
		796A68FD2CB52031001656A1 /* PBXTargetDependency */ = {
			isa = PBXTargetDependency;
			target = 796A68DA2CB5202F001656A1 /* TabBarTestFor18 */;
			targetProxy = 796A68FC2CB52031001656A1 /* PBXContainerItemProxy */;
		};
/* End PBXTargetDependency section */

/* Begin XCBuildConfiguration section */
		796A69052CB52031001656A1 /* Debug */ = {
			isa = XCBuildConfiguration;
			buildSettings = {
				ASSETCATALOG_COMPILER_APPICON_NAME = AppIcon;
				ASSETCATALOG_COMPILER_GLOBAL_ACCENT_COLOR_NAME = AccentColor;
				CODE_SIGN_STYLE = Automatic;
				CURRENT_PROJECT_VERSION = 1;
				DEVELOPMENT_TEAM = V35XVTMZZQ;
				GENERATE_INFOPLIST_FILE = YES;
				INFOPLIST_FILE = TabBarTestFor18/Info.plist;
				INFOPLIST_KEY_UIApplicationSupportsIndirectInputEvents = YES;
				INFOPLIST_KEY_UILaunchStoryboardName = LaunchScreen;
				INFOPLIST_KEY_UIMainStoryboardFile = Main;
				INFOPLIST_KEY_UISupportedInterfaceOrientations_iPad = "UIInterfaceOrientationPortrait UIInterfaceOrientationPortraitUpsideDown UIInterfaceOrientationLandscapeLeft UIInterfaceOrientationLandscapeRight";
				INFOPLIST_KEY_UISupportedInterfaceOrientations_iPhone = "UIInterfaceOrientationPortrait UIInterfaceOrientationLandscapeLeft UIInterfaceOrientationLandscapeRight";
				IPHONEOS_DEPLOYMENT_TARGET = 16.6;
				LD_RUNPATH_SEARCH_PATHS = (
					"$(inherited)",
					"@executable_path/Frameworks",
				);
				MARKETING_VERSION = 1.0;
				PRODUCT_BUNDLE_IDENTIFIER = cn.booniez.TabBarTestFor18;
				PRODUCT_NAME = "$(TARGET_NAME)";
				SWIFT_EMIT_LOC_STRINGS = YES;
				SWIFT_VERSION = 5.0;
				TARGETED_DEVICE_FAMILY = "1,2";
			};
			name = Debug;
		};
		796A69062CB52031001656A1 /* Release */ = {
			isa = XCBuildConfiguration;
			buildSettings = {
				ASSETCATALOG_COMPILER_APPICON_NAME = AppIcon;
				ASSETCATALOG_COMPILER_GLOBAL_ACCENT_COLOR_NAME = AccentColor;
				CODE_SIGN_STYLE = Automatic;
				CURRENT_PROJECT_VERSION = 1;
				DEVELOPMENT_TEAM = V35XVTMZZQ;
				GENERATE_INFOPLIST_FILE = YES;
				INFOPLIST_FILE = TabBarTestFor18/Info.plist;
				INFOPLIST_KEY_UIApplicationSupportsIndirectInputEvents = YES;
				INFOPLIST_KEY_UILaunchStoryboardName = LaunchScreen;
				INFOPLIST_KEY_UIMainStoryboardFile = Main;
				INFOPLIST_KEY_UISupportedInterfaceOrientations_iPad = "UIInterfaceOrientationPortrait UIInterfaceOrientationPortraitUpsideDown UIInterfaceOrientationLandscapeLeft UIInterfaceOrientationLandscapeRight";
				INFOPLIST_KEY_UISupportedInterfaceOrientations_iPhone = "UIInterfaceOrientationPortrait UIInterfaceOrientationLandscapeLeft UIInterfaceOrientationLandscapeRight";
				IPHONEOS_DEPLOYMENT_TARGET = 16.6;
				LD_RUNPATH_SEARCH_PATHS = (
					"$(inherited)",
					"@executable_path/Frameworks",
				);
				MARKETING_VERSION = 1.0;
				PRODUCT_BUNDLE_IDENTIFIER = cn.booniez.TabBarTestFor18;
				PRODUCT_NAME = "$(TARGET_NAME)";
				SWIFT_EMIT_LOC_STRINGS = YES;
				SWIFT_VERSION = 5.0;
				TARGETED_DEVICE_FAMILY = "1,2";
			};
			name = Release;
		};
		796A69072CB52031001656A1 /* Debug */ = {
			isa = XCBuildConfiguration;
			buildSettings = {
				ALWAYS_SEARCH_USER_PATHS = NO;
				ASSETCATALOG_COMPILER_GENERATE_SWIFT_ASSET_SYMBOL_EXTENSIONS = YES;
				CLANG_ANALYZER_NONNULL = YES;
				CLANG_ANALYZER_NUMBER_OBJECT_CONVERSION = YES_AGGRESSIVE;
				CLANG_CXX_LANGUAGE_STANDARD = "gnu++20";
				CLANG_ENABLE_MODULES = YES;
				CLANG_ENABLE_OBJC_ARC = YES;
				CLANG_ENABLE_OBJC_WEAK = YES;
				CLANG_WARN_BLOCK_CAPTURE_AUTORELEASING = YES;
				CLANG_WARN_BOOL_CONVERSION = YES;
				CLANG_WARN_COMMA = YES;
				CLANG_WARN_CONSTANT_CONVERSION = YES;
				CLANG_WARN_DEPRECATED_OBJC_IMPLEMENTATIONS = YES;
				CLANG_WARN_DIRECT_OBJC_ISA_USAGE = YES_ERROR;
				CLANG_WARN_DOCUMENTATION_COMMENTS = YES;
				CLANG_WARN_EMPTY_BODY = YES;
				CLANG_WARN_ENUM_CONVERSION = YES;
				CLANG_WARN_INFINITE_RECURSION = YES;
				CLANG_WARN_INT_CONVERSION = YES;
				CLANG_WARN_NON_LITERAL_NULL_CONVERSION = YES;
				CLANG_WARN_OBJC_IMPLICIT_RETAIN_SELF = YES;
				CLANG_WARN_OBJC_LITERAL_CONVERSION = YES;
				CLANG_WARN_OBJC_ROOT_CLASS = YES_ERROR;
				CLANG_WARN_QUOTED_INCLUDE_IN_FRAMEWORK_HEADER = YES;
				CLANG_WARN_RANGE_LOOP_ANALYSIS = YES;
				CLANG_WARN_STRICT_PROTOTYPES = YES;
				CLANG_WARN_SUSPICIOUS_MOVE = YES;
				CLANG_WARN_UNGUARDED_AVAILABILITY = YES_AGGRESSIVE;
				CLANG_WARN_UNREACHABLE_CODE = YES;
				CLANG_WARN__DUPLICATE_METHOD_MATCH = YES;
				COPY_PHASE_STRIP = NO;
				DEBUG_INFORMATION_FORMAT = dwarf;
				ENABLE_STRICT_OBJC_MSGSEND = YES;
				ENABLE_TESTABILITY = YES;
				ENABLE_USER_SCRIPT_SANDBOXING = YES;
				GCC_C_LANGUAGE_STANDARD = gnu17;
				GCC_DYNAMIC_NO_PIC = NO;
				GCC_NO_COMMON_BLOCKS = YES;
				GCC_OPTIMIZATION_LEVEL = 0;
				GCC_PREPROCESSOR_DEFINITIONS = (
					"DEBUG=1",
					"$(inherited)",
				);
				GCC_WARN_64_TO_32_BIT_CONVERSION = YES;
				GCC_WARN_ABOUT_RETURN_TYPE = YES_ERROR;
				GCC_WARN_UNDECLARED_SELECTOR = YES;
				GCC_WARN_UNINITIALIZED_AUTOS = YES_AGGRESSIVE;
				GCC_WARN_UNUSED_FUNCTION = YES;
				GCC_WARN_UNUSED_VARIABLE = YES;
				IPHONEOS_DEPLOYMENT_TARGET = 18.0;
				LOCALIZATION_PREFERS_STRING_CATALOGS = YES;
				MTL_ENABLE_DEBUG_INFO = INCLUDE_SOURCE;
				MTL_FAST_MATH = YES;
				ONLY_ACTIVE_ARCH = YES;
				SDKROOT = iphoneos;
				SWIFT_ACTIVE_COMPILATION_CONDITIONS = "DEBUG $(inherited)";
				SWIFT_OPTIMIZATION_LEVEL = "-Onone";
			};
			name = Debug;
		};
		796A69082CB52031001656A1 /* Release */ = {
			isa = XCBuildConfiguration;
			buildSettings = {
				ALWAYS_SEARCH_USER_PATHS = NO;
				ASSETCATALOG_COMPILER_GENERATE_SWIFT_ASSET_SYMBOL_EXTENSIONS = YES;
				CLANG_ANALYZER_NONNULL = YES;
				CLANG_ANALYZER_NUMBER_OBJECT_CONVERSION = YES_AGGRESSIVE;
				CLANG_CXX_LANGUAGE_STANDARD = "gnu++20";
				CLANG_ENABLE_MODULES = YES;
				CLANG_ENABLE_OBJC_ARC = YES;
				CLANG_ENABLE_OBJC_WEAK = YES;
				CLANG_WARN_BLOCK_CAPTURE_AUTORELEASING = YES;
				CLANG_WARN_BOOL_CONVERSION = YES;
				CLANG_WARN_COMMA = YES;
				CLANG_WARN_CONSTANT_CONVERSION = YES;
				CLANG_WARN_DEPRECATED_OBJC_IMPLEMENTATIONS = YES;
				CLANG_WARN_DIRECT_OBJC_ISA_USAGE = YES_ERROR;
				CLANG_WARN_DOCUMENTATION_COMMENTS = YES;
				CLANG_WARN_EMPTY_BODY = YES;
				CLANG_WARN_ENUM_CONVERSION = YES;
				CLANG_WARN_INFINITE_RECURSION = YES;
				CLANG_WARN_INT_CONVERSION = YES;
				CLANG_WARN_NON_LITERAL_NULL_CONVERSION = YES;
				CLANG_WARN_OBJC_IMPLICIT_RETAIN_SELF = YES;
				CLANG_WARN_OBJC_LITERAL_CONVERSION = YES;
				CLANG_WARN_OBJC_ROOT_CLASS = YES_ERROR;
				CLANG_WARN_QUOTED_INCLUDE_IN_FRAMEWORK_HEADER = YES;
				CLANG_WARN_RANGE_LOOP_ANALYSIS = YES;
				CLANG_WARN_STRICT_PROTOTYPES = YES;
				CLANG_WARN_SUSPICIOUS_MOVE = YES;
				CLANG_WARN_UNGUARDED_AVAILABILITY = YES_AGGRESSIVE;
				CLANG_WARN_UNREACHABLE_CODE = YES;
				CLANG_WARN__DUPLICATE_METHOD_MATCH = YES;
				COPY_PHASE_STRIP = NO;
				DEBUG_INFORMATION_FORMAT = "dwarf-with-dsym";
				ENABLE_NS_ASSERTIONS = NO;
				ENABLE_STRICT_OBJC_MSGSEND = YES;
				ENABLE_USER_SCRIPT_SANDBOXING = YES;
				GCC_C_LANGUAGE_STANDARD = gnu17;
				GCC_NO_COMMON_BLOCKS = YES;
				GCC_WARN_64_TO_32_BIT_CONVERSION = YES;
				GCC_WARN_ABOUT_RETURN_TYPE = YES_ERROR;
				GCC_WARN_UNDECLARED_SELECTOR = YES;
				GCC_WARN_UNINITIALIZED_AUTOS = YES_AGGRESSIVE;
				GCC_WARN_UNUSED_FUNCTION = YES;
				GCC_WARN_UNUSED_VARIABLE = YES;
				IPHONEOS_DEPLOYMENT_TARGET = 18.0;
				LOCALIZATION_PREFERS_STRING_CATALOGS = YES;
				MTL_ENABLE_DEBUG_INFO = NO;
				MTL_FAST_MATH = YES;
				SDKROOT = iphoneos;
				SWIFT_COMPILATION_MODE = wholemodule;
				VALIDATE_PRODUCT = YES;
			};
			name = Release;
		};
		796A690A2CB52031001656A1 /* Debug */ = {
			isa = XCBuildConfiguration;
			buildSettings = {
				BUNDLE_LOADER = "$(TEST_HOST)";
				CODE_SIGN_STYLE = Automatic;
				CURRENT_PROJECT_VERSION = 1;
				DEVELOPMENT_TEAM = V35XVTMZZQ;
				GENERATE_INFOPLIST_FILE = YES;
				IPHONEOS_DEPLOYMENT_TARGET = 18.0;
				MARKETING_VERSION = 1.0;
				PRODUCT_BUNDLE_IDENTIFIER = cn.booniez.TabBarTestFor18Tests;
				PRODUCT_NAME = "$(TARGET_NAME)";
				SWIFT_EMIT_LOC_STRINGS = NO;
				SWIFT_VERSION = 5.0;
				TARGETED_DEVICE_FAMILY = "1,2";
				TEST_HOST = "$(BUILT_PRODUCTS_DIR)/TabBarTestFor18.app/$(BUNDLE_EXECUTABLE_FOLDER_PATH)/TabBarTestFor18";
			};
			name = Debug;
		};
		796A690B2CB52031001656A1 /* Release */ = {
			isa = XCBuildConfiguration;
			buildSettings = {
				BUNDLE_LOADER = "$(TEST_HOST)";
				CODE_SIGN_STYLE = Automatic;
				CURRENT_PROJECT_VERSION = 1;
				DEVELOPMENT_TEAM = V35XVTMZZQ;
				GENERATE_INFOPLIST_FILE = YES;
				IPHONEOS_DEPLOYMENT_TARGET = 18.0;
				MARKETING_VERSION = 1.0;
				PRODUCT_BUNDLE_IDENTIFIER = cn.booniez.TabBarTestFor18Tests;
				PRODUCT_NAME = "$(TARGET_NAME)";
				SWIFT_EMIT_LOC_STRINGS = NO;
				SWIFT_VERSION = 5.0;
				TARGETED_DEVICE_FAMILY = "1,2";
				TEST_HOST = "$(BUILT_PRODUCTS_DIR)/TabBarTestFor18.app/$(BUNDLE_EXECUTABLE_FOLDER_PATH)/TabBarTestFor18";
			};
			name = Release;
		};
		796A690D2CB52031001656A1 /* Debug */ = {
			isa = XCBuildConfiguration;
			buildSettings = {
				CODE_SIGN_STYLE = Automatic;
				CURRENT_PROJECT_VERSION = 1;
				DEVELOPMENT_TEAM = V35XVTMZZQ;
				GENERATE_INFOPLIST_FILE = YES;
				MARKETING_VERSION = 1.0;
				PRODUCT_BUNDLE_IDENTIFIER = cn.booniez.TabBarTestFor18UITests;
				PRODUCT_NAME = "$(TARGET_NAME)";
				SWIFT_EMIT_LOC_STRINGS = NO;
				SWIFT_VERSION = 5.0;
				TARGETED_DEVICE_FAMILY = "1,2";
				TEST_TARGET_NAME = TabBarTestFor18;
			};
			name = Debug;
		};
		796A690E2CB52031001656A1 /* Release */ = {
			isa = XCBuildConfiguration;
			buildSettings = {
				CODE_SIGN_STYLE = Automatic;
				CURRENT_PROJECT_VERSION = 1;
				DEVELOPMENT_TEAM = V35XVTMZZQ;
				GENERATE_INFOPLIST_FILE = YES;
				MARKETING_VERSION = 1.0;
				PRODUCT_BUNDLE_IDENTIFIER = cn.booniez.TabBarTestFor18UITests;
				PRODUCT_NAME = "$(TARGET_NAME)";
				SWIFT_EMIT_LOC_STRINGS = NO;
				SWIFT_VERSION = 5.0;
				TARGETED_DEVICE_FAMILY = "1,2";
				TEST_TARGET_NAME = TabBarTestFor18;
			};
			name = Release;
		};
/* End XCBuildConfiguration section */

/* Begin XCConfigurationList section */
		796A68D62CB5202F001656A1 /* Build configuration list for PBXProject "TabBarTestFor18" */ = {
			isa = XCConfigurationList;
			buildConfigurations = (
				796A69072CB52031001656A1 /* Debug */,
				796A69082CB52031001656A1 /* Release */,
			);
			defaultConfigurationIsVisible = 0;
			defaultConfigurationName = Release;
		};
		796A69042CB52031001656A1 /* Build configuration list for PBXNativeTarget "TabBarTestFor18" */ = {
			isa = XCConfigurationList;
			buildConfigurations = (
				796A69052CB52031001656A1 /* Debug */,
				796A69062CB52031001656A1 /* Release */,
			);
			defaultConfigurationIsVisible = 0;
			defaultConfigurationName = Release;
		};
		796A69092CB52031001656A1 /* Build configuration list for PBXNativeTarget "TabBarTestFor18Tests" */ = {
			isa = XCConfigurationList;
			buildConfigurations = (
				796A690A2CB52031001656A1 /* Debug */,
				796A690B2CB52031001656A1 /* Release */,
			);
			defaultConfigurationIsVisible = 0;
			defaultConfigurationName = Release;
		};
		796A690C2CB52031001656A1 /* Build configuration list for PBXNativeTarget "TabBarTestFor18UITests" */ = {
			isa = XCConfigurationList;
			buildConfigurations = (
				796A690D2CB52031001656A1 /* Debug */,
				796A690E2CB52031001656A1 /* Release */,
			);
			defaultConfigurationIsVisible = 0;
			defaultConfigurationName = Release;
		};
/* End XCConfigurationList section */
	};
	rootObject = 796A68D32CB5202F001656A1 /* Project object */;
}
